# @generated - this file is auto-generated by `mise lock` https://mise.jdx.dev/dev-tools/mise-lock.html

[[tools."github:BarutSRB/OmniWM"]]
version = "0.7.2"
backend = "github:BarutSRB/OmniWM"

[tools."github:BarutSRB/OmniWM".options]
asset_pattern = "OmniWM-v{version}.zip"

[tools."github:BarutSRB/OmniWM"."platforms.linux-x64"]
checksum = "sha256:c153dd2f5e94e090b8586d84d40479aafd80038e0939235f30c4b8672937fbc1"
url = "https://github.com/OmniNull/OmniWM/releases/download/v0.7.2/OmniWM-v0.7.2.zip"
url_api = "https://api.github.com/repos/OmniNull/OmniWM/releases/assets/583751667"

[tools."github:BarutSRB/OmniWM"."platforms.macos-arm64"]
checksum = "sha256:c153dd2f5e94e090b8586d84d40479aafd80038e0939235f30c4b8672937fbc1"
url = "https://github.com/OmniNull/OmniWM/releases/download/v0.7.2/OmniWM-v0.7.2.zip"
url_api = "https://api.github.com/repos/OmniNull/OmniWM/releases/assets/583751667"

